
Microsoft Visual Studio Solution File, Format Version 12.00
# Visual Studio Version 16
VisualStudioVersion = 16.0.30320.27
MinimumVisualStudioVersion = 10.0.40219.1
Project("{9A19103F-16F7-4668-BE54-9A1E7A4F7556}") = "Testing", "Testing\Testing.csproj", "{D660FCFD-BA4E-46E8-9A29-6029CE7421F9}"
EndProject
Project("{FAE04EC0-301F-11D3-BF4B-00C04F79EFBC}") = "DataLibrary", "DataLibrary\DataLibrary.csproj", "{34989DCE-A3A1-4003-B426-94AEDE2A31C9}"
EndProject
Global
	GlobalSection(SolutionConfigurationPlatforms) = preSolution
		Debug|Any CPU = Debug|Any CPU
		Release|Any CPU = Release|Any CPU
	EndGlobalSection
	GlobalSection(ProjectConfigurationPlatforms) = postSolution
		{D660FCFD-BA4E-46E8-9A29-6029CE7421F9}.Debug|Any CPU.ActiveCfg = Debug|Any CPU
		{D660FCFD-BA4E-46E8-9A29-6029CE7421F9}.Debug|Any CPU.Build.0 = Debug|Any CPU
		{D660FCFD-BA4E-46E8-9A29-6029CE7421F9}.Release|Any CPU.ActiveCfg = Release|Any CPU
		{D660FCFD-BA4E-46E8-9A29-6029CE7421F9}.Release|Any CPU.Build.0 = Release|Any CPU
		{34989DCE-A3A1-4003-B426-94AEDE2A31C9}.Debug|Any CPU.ActiveCfg = Debug|Any CPU
		{34989DCE-A3A1-4003-B426-94AEDE2A31C9}.Debug|Any CPU.Build.0 = Debug|Any CPU
		{34989DCE-A3A1-4003-B426-94AEDE2A31C9}.Release|Any CPU.ActiveCfg = Release|Any CPU
		{34989DCE-A3A1-4003-B426-94AEDE2A31C9}.Release|Any CPU.Build.0 = Release|Any CPU
	EndGlobalSection
	GlobalSection(SolutionProperties) = preSolution
		HideSolutionNode = FALSE
	EndGlobalSection
	GlobalSection(ExtensibilityGlobals) = postSolution
		SolutionGuid = {3BF7678D-2348-4A6E-A45E-7FA798BD0245}
	EndGlobalSection
EndGlobal
